
Microsoft Visual Studio Solution File, Format Version 12.00
# Visual Studio Version 16
VisualStudioVersion = 16.0.29924.181
MinimumVisualStudioVersion = 10.0.40219.1
Project("{9A19103F-16F7-4668-BE54-9A1E7A4F7556}") = "CheckWhenDoIt.Tests", "tests\CheckWhenDoIt.Tests\CheckWhenDoIt.Tests.csproj", "{4A1F4472-43A3-4713-B1ED-236FC6C57AD6}"
EndProject
Project("{9A19103F-16F7-4668-BE54-9A1E7A4F7556}") = "CheckWhenDoIt", "src\CheckWhenDoIt\CheckWhenDoIt.csproj", "{5164F45F-1369-4FF5-A4C9-F0F2AFC28BBB}"
EndProject
Global
	GlobalSection(SolutionConfigurationPlatforms) = preSolution
		Debug|Any CPU = Debug|Any CPU
		Release|Any CPU = Release|Any CPU
	EndGlobalSection
	GlobalSection(ProjectConfigurationPlatforms) = postSolution
		{4A1F4472-43A3-4713-B1ED-236FC6C57AD6}.Debug|Any CPU.ActiveCfg = Debug|Any CPU
		{4A1F4472-43A3-4713-B1ED-236FC6C57AD6}.Debug|Any CPU.Build.0 = Debug|Any CPU
		{4A1F4472-43A3-4713-B1ED-236FC6C57AD6}.Release|Any CPU.ActiveCfg = Release|Any CPU
		{4A1F4472-43A3-4713-B1ED-236FC6C57AD6}.Release|Any CPU.Build.0 = Release|Any CPU
		{5164F45F-1369-4FF5-A4C9-F0F2AFC28BBB}.Debug|Any CPU.ActiveCfg = Debug|Any CPU
		{5164F45F-1369-4FF5-A4C9-F0F2AFC28BBB}.Debug|Any CPU.Build.0 = Debug|Any CPU
		{5164F45F-1369-4FF5-A4C9-F0F2AFC28BBB}.Release|Any CPU.ActiveCfg = Release|Any CPU
		{5164F45F-1369-4FF5-A4C9-F0F2AFC28BBB}.Release|Any CPU.Build.0 = Release|Any CPU
	EndGlobalSection
	GlobalSection(SolutionProperties) = preSolution
		HideSolutionNode = FALSE
	EndGlobalSection
	GlobalSection(ExtensibilityGlobals) = postSolution
		SolutionGuid = {FE9F5849-72FE-4F5B-9227-83F229CEFC98}
	EndGlobalSection
EndGlobal
